
Microsoft Visual Studio Solution File, Format Version 12.00
# Visual Studio 15
VisualStudioVersion = 15.0.28307.1758
MinimumVisualStudioVersion = 10.0.40219.1
Project("{FAE04EC0-301F-11D3-BF4B-00C04F79EFBC}") = "WindowsFormsApp1", "WindowsFormsApp1\WindowsFormsApp1.csproj", "{D07F2795-2E60-443C-804D-82EA0DDF4213}"
EndProject
Global
	GlobalSection(SolutionConfigurationPlatforms) = preSolution
		Debug|Any CPU = Debug|Any CPU
		Release|Any CPU = Release|Any CPU
	EndGlobalSection
	GlobalSection(ProjectConfigurationPlatforms) = postSolution
		{D07F2795-2E60-443C-804D-82EA0DDF4213}.Debug|Any CPU.ActiveCfg = Debug|Any CPU
		{D07F2795-2E60-443C-804D-82EA0DDF4213}.Debug|Any CPU.Build.0 = Debug|Any CPU
		{D07F2795-2E60-443C-804D-82EA0DDF4213}.Release|Any CPU.ActiveCfg = Release|Any CPU
		{D07F2795-2E60-443C-804D-82EA0DDF4213}.Release|Any CPU.Build.0 = Release|Any CPU
	EndGlobalSection
	GlobalSection(SolutionProperties) = preSolution
		HideSolutionNode = FALSE
	EndGlobalSection
	GlobalSection(ExtensibilityGlobals) = postSolution
		SolutionGuid = {317C932E-7CF0-4336-9251-0970B772317E}
	EndGlobalSection
EndGlobal
